{
  "name": "First_Assignment",
  "lockfileVersion": 2,
  "requires": true,
  "packages": {
    "": {
      "dependencies": {
        "@blaze/atoms": "^13.1.0",
        "normalize.css": "^8.0.1"
      }
    },
    "node_modules/@blaze/atoms": {
      "version": "13.1.0",
      "resolved": "https://registry.npmjs.org/@blaze/atoms/-/atoms-13.1.0.tgz",
      "integrity": "sha512-2bGw++y4Qykdnc9oTMR+z7qDIjKqFimUM+TGwSxutF9XrQBAl0dv5R+3mnqkdhxBLCkp2WI992VAK1ZUEMs5xw=="
    },
    "node_modules/normalize.css": {
      "version": "8.0.1",
      "resolved": "https://registry.npmjs.org/normalize.css/-/normalize.css-8.0.1.tgz",
      "integrity": "sha512-qizSNPO93t1YUuUhP22btGOo3chcvDFqFaj2TRybP0DMxkHOCTYwp3n34fel4a31ORXy4m1Xq0Gyqpb5m33qIg=="
    }
  },
  "dependencies": {
    "@blaze/atoms": {
      "version": "13.1.0",
      "resolved": "https://registry.npmjs.org/@blaze/atoms/-/atoms-13.1.0.tgz",
      "integrity": "sha512-2bGw++y4Qykdnc9oTMR+z7qDIjKqFimUM+TGwSxutF9XrQBAl0dv5R+3mnqkdhxBLCkp2WI992VAK1ZUEMs5xw=="
    },
    "normalize.css": {
      "version": "8.0.1",
      "resolved": "https://registry.npmjs.org/normalize.css/-/normalize.css-8.0.1.tgz",
      "integrity": "sha512-qizSNPO93t1YUuUhP22btGOo3chcvDFqFaj2TRybP0DMxkHOCTYwp3n34fel4a31ORXy4m1Xq0Gyqpb5m33qIg=="
    }
  }
}
